
Microsoft Visual Studio Solution File, Format Version 12.00
# Visual Studio Version 17
VisualStudioVersion = 17.4.33110.190
MinimumVisualStudioVersion = 10.0.40219.1
Project("{FAE04EC0-301F-11D3-BF4B-00C04F79EFBC}") = "StoreProjectAPI", "StoreProjectAPI\StoreProjectAPI.csproj", "{73E2D1A2-53B2-430C-8108-3587719154D0}"
EndProject
Project("{FAE04EC0-301F-11D3-BF4B-00C04F79EFBC}") = "Store.Data", "Store.Data\Store.Data.csproj", "{81572D5D-BACA-405E-943D-E06A6D0635EA}"
EndProject
Global
	GlobalSection(SolutionConfigurationPlatforms) = preSolution
		Debug|Any CPU = Debug|Any CPU
		Release|Any CPU = Release|Any CPU
	EndGlobalSection
	GlobalSection(ProjectConfigurationPlatforms) = postSolution
		{73E2D1A2-53B2-430C-8108-3587719154D0}.Debug|Any CPU.ActiveCfg = Debug|Any CPU
		{73E2D1A2-53B2-430C-8108-3587719154D0}.Debug|Any CPU.Build.0 = Debug|Any CPU
		{73E2D1A2-53B2-430C-8108-3587719154D0}.Release|Any CPU.ActiveCfg = Release|Any CPU
		{73E2D1A2-53B2-430C-8108-3587719154D0}.Release|Any CPU.Build.0 = Release|Any CPU
		{81572D5D-BACA-405E-943D-E06A6D0635EA}.Debug|Any CPU.ActiveCfg = Debug|Any CPU
		{81572D5D-BACA-405E-943D-E06A6D0635EA}.Debug|Any CPU.Build.0 = Debug|Any CPU
		{81572D5D-BACA-405E-943D-E06A6D0635EA}.Release|Any CPU.ActiveCfg = Release|Any CPU
		{81572D5D-BACA-405E-943D-E06A6D0635EA}.Release|Any CPU.Build.0 = Release|Any CPU
	EndGlobalSection
	GlobalSection(SolutionProperties) = preSolution
		HideSolutionNode = FALSE
	EndGlobalSection
	GlobalSection(ExtensibilityGlobals) = postSolution
		SolutionGuid = {87C9D77A-2907-4C34-8C21-5A776D550A6E}
	EndGlobalSection
EndGlobal
